
Microsoft Visual Studio Solution File, Format Version 12.00
# Visual Studio Version 17
VisualStudioVersion = 17.3.32804.467
MinimumVisualStudioVersion = 10.0.40219.1
Project("{FAE04EC0-301F-11D3-BF4B-00C04F79EFBC}") = "GenericsD13", "GenericsD13.csproj", "{DAEEEDAF-2EF9-43A1-ACDB-455A8434EBD3}"
EndProject
Global
	GlobalSection(SolutionConfigurationPlatforms) = preSolution
		Debug|Any CPU = Debug|Any CPU
		Release|Any CPU = Release|Any CPU
	EndGlobalSection
	GlobalSection(ProjectConfigurationPlatforms) = postSolution
		{DAEEEDAF-2EF9-43A1-ACDB-455A8434EBD3}.Debug|Any CPU.ActiveCfg = Debug|Any CPU
		{DAEEEDAF-2EF9-43A1-ACDB-455A8434EBD3}.Debug|Any CPU.Build.0 = Debug|Any CPU
		{DAEEEDAF-2EF9-43A1-ACDB-455A8434EBD3}.Release|Any CPU.ActiveCfg = Release|Any CPU
		{DAEEEDAF-2EF9-43A1-ACDB-455A8434EBD3}.Release|Any CPU.Build.0 = Release|Any CPU
	EndGlobalSection
	GlobalSection(SolutionProperties) = preSolution
		HideSolutionNode = FALSE
	EndGlobalSection
	GlobalSection(ExtensibilityGlobals) = postSolution
		SolutionGuid = {46526FB1-966E-4A79-A6D7-994EECEAEC10}
	EndGlobalSection
EndGlobal
